
Microsoft Visual Studio Solution File, Format Version 12.00
# Visual Studio Version 17
VisualStudioVersion = 17.4.33122.133
MinimumVisualStudioVersion = 10.0.40219.1
Project("{FAE04EC0-301F-11D3-BF4B-00C04F79EFBC}") = "36-The-Sieve", "36-The-Sieve\36-The-Sieve.csproj", "{9CBFEF7C-36AD-4DFE-ADC3-AA217D5D811F}"
EndProject
Global
	GlobalSection(SolutionConfigurationPlatforms) = preSolution
		Debug|Any CPU = Debug|Any CPU
		Release|Any CPU = Release|Any CPU
	EndGlobalSection
	GlobalSection(ProjectConfigurationPlatforms) = postSolution
		{9CBFEF7C-36AD-4DFE-ADC3-AA217D5D811F}.Debug|Any CPU.ActiveCfg = Debug|Any CPU
		{9CBFEF7C-36AD-4DFE-ADC3-AA217D5D811F}.Debug|Any CPU.Build.0 = Debug|Any CPU
		{9CBFEF7C-36AD-4DFE-ADC3-AA217D5D811F}.Release|Any CPU.ActiveCfg = Release|Any CPU
		{9CBFEF7C-36AD-4DFE-ADC3-AA217D5D811F}.Release|Any CPU.Build.0 = Release|Any CPU
	EndGlobalSection
	GlobalSection(SolutionProperties) = preSolution
		HideSolutionNode = FALSE
	EndGlobalSection
	GlobalSection(ExtensibilityGlobals) = postSolution
		SolutionGuid = {0B566B1E-E0F0-471B-9459-A76A73A65782}
	EndGlobalSection
EndGlobal
