
Microsoft Visual Studio Solution File, Format Version 12.00
# Visual Studio Version 17
VisualStudioVersion = 17.4.33122.133
MinimumVisualStudioVersion = 10.0.40219.1
Project("{FAE04EC0-301F-11D3-BF4B-00C04F79EFBC}") = "33-The-Feud", "33-The-Feud\33-The-Feud.csproj", "{74C36523-E1E0-494D-BAE1-B04713D31123}"
EndProject
Global
	GlobalSection(SolutionConfigurationPlatforms) = preSolution
		Debug|Any CPU = Debug|Any CPU
		Release|Any CPU = Release|Any CPU
	EndGlobalSection
	GlobalSection(ProjectConfigurationPlatforms) = postSolution
		{74C36523-E1E0-494D-BAE1-B04713D31123}.Debug|Any CPU.ActiveCfg = Debug|Any CPU
		{74C36523-E1E0-494D-BAE1-B04713D31123}.Debug|Any CPU.Build.0 = Debug|Any CPU
		{74C36523-E1E0-494D-BAE1-B04713D31123}.Release|Any CPU.ActiveCfg = Release|Any CPU
		{74C36523-E1E0-494D-BAE1-B04713D31123}.Release|Any CPU.Build.0 = Release|Any CPU
	EndGlobalSection
	GlobalSection(SolutionProperties) = preSolution
		HideSolutionNode = FALSE
	EndGlobalSection
	GlobalSection(ExtensibilityGlobals) = postSolution
		SolutionGuid = {1B32BAC3-F7E4-4B62-984D-5EDE6958B387}
	EndGlobalSection
EndGlobal
